<?xml version="1.0" encoding="utf-8"?>
<Project ToolsVersion="4.0" xmlns="http://schemas.microsoft.com/developer/msbuild/2003">
  <ItemGroup>
    <ClCompile Include="src\external\argtable3.c">
      <Filter>src\external</Filter>
    </ClCompile>
    <ClCompile Include="src\stg_bitmask.c">
      <Filter>src</Filter>
    </ClCompile>
    <ClCompile Include="src\stg_common.c">
      <Filter>src</Filter>
    </ClCompile>
    <ClCompile Include="src\stg_decoder.c">
      <Filter>src</Filter>
    </ClCompile>
    <ClCompile Include="src\stg_encoder.c">
      <Filter>src</Filter>
    </ClCompile>
    <ClCompile Include="src\stg_file.c">
      <Filter>src</Filter>
    </ClCompile>
    <ClCompile Include="src\stg_header.c">
      <Filter>src</Filter>
    </ClCompile>
    <ClCompile Include="src\stg_image.c">
      <Filter>src</Filter>
    </ClCompile>
    <ClCompile Include="src\stg_launcher.c">
      <Filter>src</Filter>
    </ClCompile>
    <ClCompile Include="src\stg_verbose.c">
      <Filter>src</Filter>
    </ClCompile>
    <ClCompile Include="src\stg_version.c">
      <Filter>src</Filter>
    </ClCompile>
  </ItemGroup>
  <ItemGroup>
    <ClInclude Include="src\external\argtable3.h">
      <Filter>src\external</Filter>
    </ClInclude>
    <ClInclude Include="src\external\stb_image_write.h">
      <Filter>src\external</Filter>
    </ClInclude>
    <ClInclude Include="src\external\stb_image.h">
      <Filter>src\external</Filter>
    </ClInclude>
    <ClInclude Include="src\stg_basictype.h">
      <Filter>src</Filter>
    </ClInclude>
    <ClInclude Include="src\stg_bitmask.h">
      <Filter>src</Filter>
    </ClInclude>
    <ClInclude Include="src\stg_common.h">
      <Filter>src</Filter>
    </ClInclude>
    <ClInclude Include="src\stg_decoder.h">
      <Filter>src</Filter>
    </ClInclude>
    <ClInclude Include="src\stg_encoder.h">
      <Filter>src</Filter>
    </ClInclude>
    <ClInclude Include="src\stg_errorcode.h">
      <Filter>src</Filter>
    </ClInclude>
    <ClInclude Include="src\stg_file.h">
      <Filter>src</Filter>
    </ClInclude>
    <ClInclude Include="src\stg_header.h">
      <Filter>src</Filter>
    </ClInclude>
    <ClInclude Include="src\stg_image.h">
      <Filter>src</Filter>
    </ClInclude>
    <ClInclude Include="src\stg_verbose.h">
      <Filter>src</Filter>
    </ClInclude>
    <ClInclude Include="src\stg_version.h">
      <Filter>src</Filter>
    </ClInclude>
  </ItemGroup>
  <ItemGroup>
    <Filter Include="src">
      <UniqueIdentifier>{198a3414-01bd-40da-b038-9a9e7f75c84b}</UniqueIdentifier>
    </Filter>
    <Filter Include="src\external">
      <UniqueIdentifier>{d7b7dc86-95c6-4bb1-94d4-c48543603936}</UniqueIdentifier>
    </Filter>
  </ItemGroup>
</Project>